// !$*UTF8*$!
{
	archiveVersion = 1;
	classes = {
	};
	objectVersion = 56;
	objects = {

/* Begin PBXBuildFile section */
		989000E52B4FCA0B0042FA5E /* page_navigation_appApp.swift in Sources */ = {isa = PBXBuildFile; fileRef = 989000E42B4FCA0B0042FA5E /* page_navigation_appApp.swift */; };
		989000E72B4FCA0B0042FA5E /* ContentView.swift in Sources */ = {isa = PBXBuildFile; fileRef = 989000E62B4FCA0B0042FA5E /* ContentView.swift */; };
		989000E92B4FCA0C0042FA5E /* Assets.xcassets in Resources */ = {isa = PBXBuildFile; fileRef = 989000E82B4FCA0C0042FA5E /* Assets.xcassets */; };
		989000EC2B4FCA0C0042FA5E /* Preview Assets.xcassets in Resources */ = {isa = PBXBuildFile; fileRef = 989000EB2B4FCA0C0042FA5E /* Preview Assets.xcassets */; };
		989000F62B4FCA0C0042FA5E /* page_navigation_appTests.swift in Sources */ = {isa = PBXBuildFile; fileRef = 989000F52B4FCA0C0042FA5E /* page_navigation_appTests.swift */; };
		989001002B4FCA0C0042FA5E /* page_navigation_appUITests.swift in Sources */ = {isa = PBXBuildFile; fileRef = 989000FF2B4FCA0C0042FA5E /* page_navigation_appUITests.swift */; };
		989001022B4FCA0C0042FA5E /* page_navigation_appUITestsLaunchTests.swift in Sources */ = {isa = PBXBuildFile; fileRef = 989001012B4FCA0C0042FA5E /* page_navigation_appUITestsLaunchTests.swift */; };
/* End PBXBuildFile section */

/* Begin PBXContainerItemProxy section */
		989000F22B4FCA0C0042FA5E /* PBXContainerItemProxy */ = {
			isa = PBXContainerItemProxy;
			containerPortal = 989000D92B4FCA0B0042FA5E /* Project object */;
			proxyType = 1;
			remoteGlobalIDString = 989000E02B4FCA0B0042FA5E;
			remoteInfo = "page-navigation-app";
		};
		989000FC2B4FCA0C0042FA5E /* PBXContainerItemProxy */ = {
			isa = PBXContainerItemProxy;
			containerPortal = 989000D92B4FCA0B0042FA5E /* Project object */;
			proxyType = 1;
			remoteGlobalIDString = 989000E02B4FCA0B0042FA5E;
			remoteInfo = "page-navigation-app";
		};
/* End PBXContainerItemProxy section */

/* Begin PBXFileReference section */
		989000E12B4FCA0B0042FA5E /* page-navigation-app.app */ = {isa = PBXFileReference; explicitFileType = wrapper.application; includeInIndex = 0; path = "page-navigation-app.app"; sourceTree = BUILT_PRODUCTS_DIR; };
		989000E42B4FCA0B0042FA5E /* page_navigation_appApp.swift */ = {isa = PBXFileReference; lastKnownFileType = sourcecode.swift; path = page_navigation_appApp.swift; sourceTree = "<group>"; };
		989000E62B4FCA0B0042FA5E /* ContentView.swift */ = {isa = PBXFileReference; lastKnownFileType = sourcecode.swift; path = ContentView.swift; sourceTree = "<group>"; };
		989000E82B4FCA0C0042FA5E /* Assets.xcassets */ = {isa = PBXFileReference; lastKnownFileType = folder.assetcatalog; path = Assets.xcassets; sourceTree = "<group>"; };
		989000EB2B4FCA0C0042FA5E /* Preview Assets.xcassets */ = {isa = PBXFileReference; lastKnownFileType = folder.assetcatalog; path = "Preview Assets.xcassets"; sourceTree = "<group>"; };
		989000F12B4FCA0C0042FA5E /* page-navigation-appTests.xctest */ = {isa = PBXFileReference; explicitFileType = wrapper.cfbundle; includeInIndex = 0; path = "page-navigation-appTests.xctest"; sourceTree = BUILT_PRODUCTS_DIR; };
		989000F52B4FCA0C0042FA5E /* page_navigation_appTests.swift */ = {isa = PBXFileReference; lastKnownFileType = sourcecode.swift; path = page_navigation_appTests.swift; sourceTree = "<group>"; };
		989000FB2B4FCA0C0042FA5E /* page-navigation-appUITests.xctest */ = {isa = PBXFileReference; explicitFileType = wrapper.cfbundle; includeInIndex = 0; path = "page-navigation-appUITests.xctest"; sourceTree = BUILT_PRODUCTS_DIR; };
		989000FF2B4FCA0C0042FA5E /* page_navigation_appUITests.swift */ = {isa = PBXFileReference; lastKnownFileType = sourcecode.swift; path = page_navigation_appUITests.swift; sourceTree = "<group>"; };
		989001012B4FCA0C0042FA5E /* page_navigation_appUITestsLaunchTests.swift */ = {isa = PBXFileReference; lastKnownFileType = sourcecode.swift; path = page_navigation_appUITestsLaunchTests.swift; sourceTree = "<group>"; };
/* End PBXFileReference section */

/* Begin PBXFrameworksBuildPhase section */
		989000DE2B4FCA0B0042FA5E /* Frameworks */ = {
			isa = PBXFrameworksBuildPhase;
			buildActionMask = 2147483647;
			files = (
			);
			runOnlyForDeploymentPostprocessing = 0;
		};
		989000EE2B4FCA0C0042FA5E /* Frameworks */ = {
			isa = PBXFrameworksBuildPhase;
			buildActionMask = 2147483647;
			files = (
			);
			runOnlyForDeploymentPostprocessing = 0;
		};
		989000F82B4FCA0C0042FA5E /* Frameworks */ = {
			isa = PBXFrameworksBuildPhase;
			buildActionMask = 2147483647;
			files = (
			);
			runOnlyForDeploymentPostprocessing = 0;
		};
/* End PBXFrameworksBuildPhase section */

/* Begin PBXGroup section */
		989000D82B4FCA0B0042FA5E = {
			isa = PBXGroup;
			children = (
				989000E32B4FCA0B0042FA5E /* page-navigation-app */,
				989000F42B4FCA0C0042FA5E /* page-navigation-appTests */,
				989000FE2B4FCA0C0042FA5E /* page-navigation-appUITests */,
				989000E22B4FCA0B0042FA5E /* Products */,
			);
			sourceTree = "<group>";
		};
		989000E22B4FCA0B0042FA5E /* Products */ = {
			isa = PBXGroup;
			children = (
				989000E12B4FCA0B0042FA5E /* page-navigation-app.app */,
				989000F12B4FCA0C0042FA5E /* page-navigation-appTests.xctest */,
				989000FB2B4FCA0C0042FA5E /* page-navigation-appUITests.xctest */,
			);
			name = Products;
			sourceTree = "<group>";
		};
		989000E32B4FCA0B0042FA5E /* page-navigation-app */ = {
			isa = PBXGroup;
			children = (
				989000E42B4FCA0B0042FA5E /* page_navigation_appApp.swift */,
				989000E62B4FCA0B0042FA5E /* ContentView.swift */,
				989000E82B4FCA0C0042FA5E /* Assets.xcassets */,
				989000EA2B4FCA0C0042FA5E /* Preview Content */,
			);
			path = "page-navigation-app";
			sourceTree = "<group>";
		};
		989000EA2B4FCA0C0042FA5E /* Preview Content */ = {
			isa = PBXGroup;
			children = (
				989000EB2B4FCA0C0042FA5E /* Preview Assets.xcassets */,
			);
			path = "Preview Content";
			sourceTree = "<group>";
		};
		989000F42B4FCA0C0042FA5E /* page-navigation-appTests */ = {
			isa = PBXGroup;
			children = (
				989000F52B4FCA0C0042FA5E /* page_navigation_appTests.swift */,
			);
			path = "page-navigation-appTests";
			sourceTree = "<group>";
		};
		989000FE2B4FCA0C0042FA5E /* page-navigation-appUITests */ = {
			isa = PBXGroup;
			children = (
				989000FF2B4FCA0C0042FA5E /* page_navigation_appUITests.swift */,
				989001012B4FCA0C0042FA5E /* page_navigation_appUITestsLaunchTests.swift */,
			);
			path = "page-navigation-appUITests";
			sourceTree = "<group>";
		};
/* End PBXGroup section */

/* Begin PBXNativeTarget section */
		989000E02B4FCA0B0042FA5E /* page-navigation-app */ = {
			isa = PBXNativeTarget;
			buildConfigurationList = 989001052B4FCA0C0042FA5E /* Build configuration list for PBXNativeTarget "page-navigation-app" */;
			buildPhases = (
				989000DD2B4FCA0B0042FA5E /* Sources */,
				989000DE2B4FCA0B0042FA5E /* Frameworks */,
				989000DF2B4FCA0B0042FA5E /* Resources */,
			);
			buildRules = (
			);
			dependencies = (
			);
			name = "page-navigation-app";
			productName = "page-navigation-app";
			productReference = 989000E12B4FCA0B0042FA5E /* page-navigation-app.app */;
			productType = "com.apple.product-type.application";
		};
		989000F02B4FCA0C0042FA5E /* page-navigation-appTests */ = {
			isa = PBXNativeTarget;
			buildConfigurationList = 989001082B4FCA0C0042FA5E /* Build configuration list for PBXNativeTarget "page-navigation-appTests" */;
			buildPhases = (
				989000ED2B4FCA0C0042FA5E /* Sources */,
				989000EE2B4FCA0C0042FA5E /* Frameworks */,
				989000EF2B4FCA0C0042FA5E /* Resources */,
			);
			buildRules = (
			);
			dependencies = (
				989000F32B4FCA0C0042FA5E /* PBXTargetDependency */,
			);
			name = "page-navigation-appTests";
			productName = "page-navigation-appTests";
			productReference = 989000F12B4FCA0C0042FA5E /* page-navigation-appTests.xctest */;
			productType = "com.apple.product-type.bundle.unit-test";
		};
		989000FA2B4FCA0C0042FA5E /* page-navigation-appUITests */ = {
			isa = PBXNativeTarget;
			buildConfigurationList = 9890010B2B4FCA0C0042FA5E /* Build configuration list for PBXNativeTarget "page-navigation-appUITests" */;
			buildPhases = (
				989000F72B4FCA0C0042FA5E /* Sources */,
				989000F82B4FCA0C0042FA5E /* Frameworks */,
				989000F92B4FCA0C0042FA5E /* Resources */,
			);
			buildRules = (
			);
			dependencies = (
				989000FD2B4FCA0C0042FA5E /* PBXTargetDependency */,
			);
			name = "page-navigation-appUITests";
			productName = "page-navigation-appUITests";
			productReference = 989000FB2B4FCA0C0042FA5E /* page-navigation-appUITests.xctest */;
			productType = "com.apple.product-type.bundle.ui-testing";
		};
/* End PBXNativeTarget section */

/* Begin PBXProject section */
		989000D92B4FCA0B0042FA5E /* Project object */ = {
			isa = PBXProject;
			attributes = {
				BuildIndependentTargetsInParallel = 1;
				LastSwiftUpdateCheck = 1520;
				LastUpgradeCheck = 1520;
				TargetAttributes = {
					989000E02B4FCA0B0042FA5E = {
						CreatedOnToolsVersion = 15.2;
					};
					989000F02B4FCA0C0042FA5E = {
						CreatedOnToolsVersion = 15.2;
						TestTargetID = 989000E02B4FCA0B0042FA5E;
					};
					989000FA2B4FCA0C0042FA5E = {
						CreatedOnToolsVersion = 15.2;
						TestTargetID = 989000E02B4FCA0B0042FA5E;
					};
				};
			};
			buildConfigurationList = 989000DC2B4FCA0B0042FA5E /* Build configuration list for PBXProject "page-navigation-app" */;
			compatibilityVersion = "Xcode 14.0";
			developmentRegion = en;
			hasScannedForEncodings = 0;
			knownRegions = (
				en,
				Base,
			);
			mainGroup = 989000D82B4FCA0B0042FA5E;
			productRefGroup = 989000E22B4FCA0B0042FA5E /* Products */;
			projectDirPath = "";
			projectRoot = "";
			targets = (
				989000E02B4FCA0B0042FA5E /* page-navigation-app */,
				989000F02B4FCA0C0042FA5E /* page-navigation-appTests */,
				989000FA2B4FCA0C0042FA5E /* page-navigation-appUITests */,
			);
		};
/* End PBXProject section */

/* Begin PBXResourcesBuildPhase section */
		989000DF2B4FCA0B0042FA5E /* Resources */ = {
			isa = PBXResourcesBuildPhase;
			buildActionMask = 2147483647;
			files = (
				989000EC2B4FCA0C0042FA5E /* Preview Assets.xcassets in Resources */,
				989000E92B4FCA0C0042FA5E /* Assets.xcassets in Resources */,
			);
			runOnlyForDeploymentPostprocessing = 0;
		};
		989000EF2B4FCA0C0042FA5E /* Resources */ = {
			isa = PBXResourcesBuildPhase;
			buildActionMask = 2147483647;
			files = (
			);
			runOnlyForDeploymentPostprocessing = 0;
		};
		989000F92B4FCA0C0042FA5E /* Resources */ = {
			isa = PBXResourcesBuildPhase;
			buildActionMask = 2147483647;
			files = (
			);
			runOnlyForDeploymentPostprocessing = 0;
		};
/* End PBXResourcesBuildPhase section */

/* Begin PBXSourcesBuildPhase section */
		989000DD2B4FCA0B0042FA5E /* Sources */ = {
			isa = PBXSourcesBuildPhase;
			buildActionMask = 2147483647;
			files = (
				989000E72B4FCA0B0042FA5E /* ContentView.swift in Sources */,
				989000E52B4FCA0B0042FA5E /* page_navigation_appApp.swift in Sources */,
			);
			runOnlyForDeploymentPostprocessing = 0;
		};
		989000ED2B4FCA0C0042FA5E /* Sources */ = {
			isa = PBXSourcesBuildPhase;
			buildActionMask = 2147483647;
			files = (
				989000F62B4FCA0C0042FA5E /* page_navigation_appTests.swift in Sources */,
			);
			runOnlyForDeploymentPostprocessing = 0;
		};
		989000F72B4FCA0C0042FA5E /* Sources */ = {
			isa = PBXSourcesBuildPhase;
			buildActionMask = 2147483647;
			files = (
				989001002B4FCA0C0042FA5E /* page_navigation_appUITests.swift in Sources */,
				989001022B4FCA0C0042FA5E /* page_navigation_appUITestsLaunchTests.swift in Sources */,
			);
			runOnlyForDeploymentPostprocessing = 0;
		};
/* End PBXSourcesBuildPhase section */

/* Begin PBXTargetDependency section */
		989000F32B4FCA0C0042FA5E /* PBXTargetDependency */ = {
			isa = PBXTargetDependency;
			target = 989000E02B4FCA0B0042FA5E /* page-navigation-app */;
			targetProxy = 989000F22B4FCA0C0042FA5E /* PBXContainerItemProxy */;
		};
		989000FD2B4FCA0C0042FA5E /* PBXTargetDependency */ = {
			isa = PBXTargetDependency;
			target = 989000E02B4FCA0B0042FA5E /* page-navigation-app */;
			targetProxy = 989000FC2B4FCA0C0042FA5E /* PBXContainerItemProxy */;
		};
/* End PBXTargetDependency section */

/* Begin XCBuildConfiguration section */
		989001032B4FCA0C0042FA5E /* Debug */ = {
			isa = XCBuildConfiguration;
			buildSettings = {
				ALWAYS_SEARCH_USER_PATHS = NO;
				ASSETCATALOG_COMPILER_GENERATE_SWIFT_ASSET_SYMBOL_EXTENSIONS = YES;
				CLANG_ANALYZER_NONNULL = YES;
				CLANG_ANALYZER_NUMBER_OBJECT_CONVERSION = YES_AGGRESSIVE;
				CLANG_CXX_LANGUAGE_STANDARD = "gnu++20";
				CLANG_ENABLE_MODULES = YES;
				CLANG_ENABLE_OBJC_ARC = YES;
				CLANG_ENABLE_OBJC_WEAK = YES;
				CLANG_WARN_BLOCK_CAPTURE_AUTORELEASING = YES;
				CLANG_WARN_BOOL_CONVERSION = YES;
				CLANG_WARN_COMMA = YES;
				CLANG_WARN_CONSTANT_CONVERSION = YES;
				CLANG_WARN_DEPRECATED_OBJC_IMPLEMENTATIONS = YES;
				CLANG_WARN_DIRECT_OBJC_ISA_USAGE = YES_ERROR;
				CLANG_WARN_DOCUMENTATION_COMMENTS = YES;
				CLANG_WARN_EMPTY_BODY = YES;
				CLANG_WARN_ENUM_CONVERSION = YES;
				CLANG_WARN_INFINITE_RECURSION = YES;
				CLANG_WARN_INT_CONVERSION = YES;
				CLANG_WARN_NON_LITERAL_NULL_CONVERSION = YES;
				CLANG_WARN_OBJC_IMPLICIT_RETAIN_SELF = YES;
				CLANG_WARN_OBJC_LITERAL_CONVERSION = YES;
				CLANG_WARN_OBJC_ROOT_CLASS = YES_ERROR;
				CLANG_WARN_QUOTED_INCLUDE_IN_FRAMEWORK_HEADER = YES;
				CLANG_WARN_RANGE_LOOP_ANALYSIS = YES;
				CLANG_WARN_STRICT_PROTOTYPES = YES;
				CLANG_WARN_SUSPICIOUS_MOVE = YES;
				CLANG_WARN_UNGUARDED_AVAILABILITY = YES_AGGRESSIVE;
				CLANG_WARN_UNREACHABLE_CODE = YES;
				CLANG_WARN__DUPLICATE_METHOD_MATCH = YES;
				COPY_PHASE_STRIP = NO;
				DEBUG_INFORMATION_FORMAT = dwarf;
				ENABLE_STRICT_OBJC_MSGSEND = YES;
				ENABLE_TESTABILITY = YES;
				ENABLE_USER_SCRIPT_SANDBOXING = YES;
				GCC_C_LANGUAGE_STANDARD = gnu17;
				GCC_DYNAMIC_NO_PIC = NO;
				GCC_NO_COMMON_BLOCKS = YES;
				GCC_OPTIMIZATION_LEVEL = 0;
				GCC_PREPROCESSOR_DEFINITIONS = (
					"DEBUG=1",
					"$(inherited)",
				);
				GCC_WARN_64_TO_32_BIT_CONVERSION = YES;
				GCC_WARN_ABOUT_RETURN_TYPE = YES_ERROR;
				GCC_WARN_UNDECLARED_SELECTOR = YES;
				GCC_WARN_UNINITIALIZED_AUTOS = YES_AGGRESSIVE;
				GCC_WARN_UNUSED_FUNCTION = YES;
				GCC_WARN_UNUSED_VARIABLE = YES;
				IPHONEOS_DEPLOYMENT_TARGET = 17.2;
				LOCALIZATION_PREFERS_STRING_CATALOGS = YES;
				MTL_ENABLE_DEBUG_INFO = INCLUDE_SOURCE;
				MTL_FAST_MATH = YES;
				ONLY_ACTIVE_ARCH = YES;
				SDKROOT = iphoneos;
				SWIFT_ACTIVE_COMPILATION_CONDITIONS = "DEBUG $(inherited)";
				SWIFT_OPTIMIZATION_LEVEL = "-Onone";
			};
			name = Debug;
		};
		989001042B4FCA0C0042FA5E /* Release */ = {
			isa = XCBuildConfiguration;
			buildSettings = {
				ALWAYS_SEARCH_USER_PATHS = NO;
				ASSETCATALOG_COMPILER_GENERATE_SWIFT_ASSET_SYMBOL_EXTENSIONS = YES;
				CLANG_ANALYZER_NONNULL = YES;
				CLANG_ANALYZER_NUMBER_OBJECT_CONVERSION = YES_AGGRESSIVE;
				CLANG_CXX_LANGUAGE_STANDARD = "gnu++20";
				CLANG_ENABLE_MODULES = YES;
				CLANG_ENABLE_OBJC_ARC = YES;
				CLANG_ENABLE_OBJC_WEAK = YES;
				CLANG_WARN_BLOCK_CAPTURE_AUTORELEASING = YES;
				CLANG_WARN_BOOL_CONVERSION = YES;
				CLANG_WARN_COMMA = YES;
				CLANG_WARN_CONSTANT_CONVERSION = YES;
				CLANG_WARN_DEPRECATED_OBJC_IMPLEMENTATIONS = YES;
				CLANG_WARN_DIRECT_OBJC_ISA_USAGE = YES_ERROR;
				CLANG_WARN_DOCUMENTATION_COMMENTS = YES;
				CLANG_WARN_EMPTY_BODY = YES;
				CLANG_WARN_ENUM_CONVERSION = YES;
				CLANG_WARN_INFINITE_RECURSION = YES;
				CLANG_WARN_INT_CONVERSION = YES;
				CLANG_WARN_NON_LITERAL_NULL_CONVERSION = YES;
				CLANG_WARN_OBJC_IMPLICIT_RETAIN_SELF = YES;
				CLANG_WARN_OBJC_LITERAL_CONVERSION = YES;
				CLANG_WARN_OBJC_ROOT_CLASS = YES_ERROR;
				CLANG_WARN_QUOTED_INCLUDE_IN_FRAMEWORK_HEADER = YES;
				CLANG_WARN_RANGE_LOOP_ANALYSIS = YES;
				CLANG_WARN_STRICT_PROTOTYPES = YES;
				CLANG_WARN_SUSPICIOUS_MOVE = YES;
				CLANG_WARN_UNGUARDED_AVAILABILITY = YES_AGGRESSIVE;
				CLANG_WARN_UNREACHABLE_CODE = YES;
				CLANG_WARN__DUPLICATE_METHOD_MATCH = YES;
				COPY_PHASE_STRIP = NO;
				DEBUG_INFORMATION_FORMAT = "dwarf-with-dsym";
				ENABLE_NS_ASSERTIONS = NO;
				ENABLE_STRICT_OBJC_MSGSEND = YES;
				ENABLE_USER_SCRIPT_SANDBOXING = YES;
				GCC_C_LANGUAGE_STANDARD = gnu17;
				GCC_NO_COMMON_BLOCKS = YES;
				GCC_WARN_64_TO_32_BIT_CONVERSION = YES;
				GCC_WARN_ABOUT_RETURN_TYPE = YES_ERROR;
				GCC_WARN_UNDECLARED_SELECTOR = YES;
				GCC_WARN_UNINITIALIZED_AUTOS = YES_AGGRESSIVE;
				GCC_WARN_UNUSED_FUNCTION = YES;
				GCC_WARN_UNUSED_VARIABLE = YES;
				IPHONEOS_DEPLOYMENT_TARGET = 17.2;
				LOCALIZATION_PREFERS_STRING_CATALOGS = YES;
				MTL_ENABLE_DEBUG_INFO = NO;
				MTL_FAST_MATH = YES;
				SDKROOT = iphoneos;
				SWIFT_COMPILATION_MODE = wholemodule;
				VALIDATE_PRODUCT = YES;
			};
			name = Release;
		};
		989001062B4FCA0C0042FA5E /* Debug */ = {
			isa = XCBuildConfiguration;
			buildSettings = {
				ASSETCATALOG_COMPILER_APPICON_NAME = AppIcon;
				ASSETCATALOG_COMPILER_GLOBAL_ACCENT_COLOR_NAME = AccentColor;
				CODE_SIGN_STYLE = Automatic;
				CURRENT_PROJECT_VERSION = 1;
				DEVELOPMENT_ASSET_PATHS = "\"page-navigation-app/Preview Content\"";
				DEVELOPMENT_TEAM = 4A3B7F45YY;
				ENABLE_PREVIEWS = YES;
				GENERATE_INFOPLIST_FILE = YES;
				INFOPLIST_KEY_UIApplicationSceneManifest_Generation = YES;
				INFOPLIST_KEY_UIApplicationSupportsIndirectInputEvents = YES;
				INFOPLIST_KEY_UILaunchScreen_Generation = YES;
				INFOPLIST_KEY_UISupportedInterfaceOrientations_iPad = "UIInterfaceOrientationPortrait UIInterfaceOrientationPortraitUpsideDown UIInterfaceOrientationLandscapeLeft UIInterfaceOrientationLandscapeRight";
				INFOPLIST_KEY_UISupportedInterfaceOrientations_iPhone = "UIInterfaceOrientationPortrait UIInterfaceOrientationLandscapeLeft UIInterfaceOrientationLandscapeRight";
				LD_RUNPATH_SEARCH_PATHS = (
					"$(inherited)",
					"@executable_path/Frameworks",
				);
				MARKETING_VERSION = 1.0;
				PRODUCT_BUNDLE_IDENTIFIER = "techbake.page-navigation-app";
				PRODUCT_NAME = "$(TARGET_NAME)";
				SWIFT_EMIT_LOC_STRINGS = YES;
				SWIFT_VERSION = 5.0;
				TARGETED_DEVICE_FAMILY = "1,2";
			};
			name = Debug;
		};
		989001072B4FCA0C0042FA5E /* Release */ = {
			isa = XCBuildConfiguration;
			buildSettings = {
				ASSETCATALOG_COMPILER_APPICON_NAME = AppIcon;
				ASSETCATALOG_COMPILER_GLOBAL_ACCENT_COLOR_NAME = AccentColor;
				CODE_SIGN_STYLE = Automatic;
				CURRENT_PROJECT_VERSION = 1;
				DEVELOPMENT_ASSET_PATHS = "\"page-navigation-app/Preview Content\"";
				DEVELOPMENT_TEAM = 4A3B7F45YY;
				ENABLE_PREVIEWS = YES;
				GENERATE_INFOPLIST_FILE = YES;
				INFOPLIST_KEY_UIApplicationSceneManifest_Generation = YES;
				INFOPLIST_KEY_UIApplicationSupportsIndirectInputEvents = YES;
				INFOPLIST_KEY_UILaunchScreen_Generation = YES;
				INFOPLIST_KEY_UISupportedInterfaceOrientations_iPad = "UIInterfaceOrientationPortrait UIInterfaceOrientationPortraitUpsideDown UIInterfaceOrientationLandscapeLeft UIInterfaceOrientationLandscapeRight";
				INFOPLIST_KEY_UISupportedInterfaceOrientations_iPhone = "UIInterfaceOrientationPortrait UIInterfaceOrientationLandscapeLeft UIInterfaceOrientationLandscapeRight";
				LD_RUNPATH_SEARCH_PATHS = (
					"$(inherited)",
					"@executable_path/Frameworks",
				);
				MARKETING_VERSION = 1.0;
				PRODUCT_BUNDLE_IDENTIFIER = "techbake.page-navigation-app";
				PRODUCT_NAME = "$(TARGET_NAME)";
				SWIFT_EMIT_LOC_STRINGS = YES;
				SWIFT_VERSION = 5.0;
				TARGETED_DEVICE_FAMILY = "1,2";
			};
			name = Release;
		};
		989001092B4FCA0C0042FA5E /* Debug */ = {
			isa = XCBuildConfiguration;
			buildSettings = {
				ALWAYS_EMBED_SWIFT_STANDARD_LIBRARIES = YES;
				BUNDLE_LOADER = "$(TEST_HOST)";
				CODE_SIGN_STYLE = Automatic;
				CURRENT_PROJECT_VERSION = 1;
				DEVELOPMENT_TEAM = 4A3B7F45YY;
				GENERATE_INFOPLIST_FILE = YES;
				IPHONEOS_DEPLOYMENT_TARGET = 17.2;
				MARKETING_VERSION = 1.0;
				PRODUCT_BUNDLE_IDENTIFIER = "techbake.page-navigation-appTests";
				PRODUCT_NAME = "$(TARGET_NAME)";
				SWIFT_EMIT_LOC_STRINGS = NO;
				SWIFT_VERSION = 5.0;
				TARGETED_DEVICE_FAMILY = "1,2";
				TEST_HOST = "$(BUILT_PRODUCTS_DIR)/page-navigation-app.app/$(BUNDLE_EXECUTABLE_FOLDER_PATH)/page-navigation-app";
			};
			name = Debug;
		};
		9890010A2B4FCA0C0042FA5E /* Release */ = {
			isa = XCBuildConfiguration;
			buildSettings = {
				ALWAYS_EMBED_SWIFT_STANDARD_LIBRARIES = YES;
				BUNDLE_LOADER = "$(TEST_HOST)";
				CODE_SIGN_STYLE = Automatic;
				CURRENT_PROJECT_VERSION = 1;
				DEVELOPMENT_TEAM = 4A3B7F45YY;
				GENERATE_INFOPLIST_FILE = YES;
				IPHONEOS_DEPLOYMENT_TARGET = 17.2;
				MARKETING_VERSION = 1.0;
				PRODUCT_BUNDLE_IDENTIFIER = "techbake.page-navigation-appTests";
				PRODUCT_NAME = "$(TARGET_NAME)";
				SWIFT_EMIT_LOC_STRINGS = NO;
				SWIFT_VERSION = 5.0;
				TARGETED_DEVICE_FAMILY = "1,2";
				TEST_HOST = "$(BUILT_PRODUCTS_DIR)/page-navigation-app.app/$(BUNDLE_EXECUTABLE_FOLDER_PATH)/page-navigation-app";
			};
			name = Release;
		};
		9890010C2B4FCA0C0042FA5E /* Debug */ = {
			isa = XCBuildConfiguration;
			buildSettings = {
				ALWAYS_EMBED_SWIFT_STANDARD_LIBRARIES = YES;
				CODE_SIGN_STYLE = Automatic;
				CURRENT_PROJECT_VERSION = 1;
				DEVELOPMENT_TEAM = 4A3B7F45YY;
				GENERATE_INFOPLIST_FILE = YES;
				MARKETING_VERSION = 1.0;
				PRODUCT_BUNDLE_IDENTIFIER = "techbake.page-navigation-appUITests";
				PRODUCT_NAME = "$(TARGET_NAME)";
				SWIFT_EMIT_LOC_STRINGS = NO;
				SWIFT_VERSION = 5.0;
				TARGETED_DEVICE_FAMILY = "1,2";
				TEST_TARGET_NAME = "page-navigation-app";
			};
			name = Debug;
		};
		9890010D2B4FCA0C0042FA5E /* Release */ = {
			isa = XCBuildConfiguration;
			buildSettings = {
				ALWAYS_EMBED_SWIFT_STANDARD_LIBRARIES = YES;
				CODE_SIGN_STYLE = Automatic;
				CURRENT_PROJECT_VERSION = 1;
				DEVELOPMENT_TEAM = 4A3B7F45YY;
				GENERATE_INFOPLIST_FILE = YES;
				MARKETING_VERSION = 1.0;
				PRODUCT_BUNDLE_IDENTIFIER = "techbake.page-navigation-appUITests";
				PRODUCT_NAME = "$(TARGET_NAME)";
				SWIFT_EMIT_LOC_STRINGS = NO;
				SWIFT_VERSION = 5.0;
				TARGETED_DEVICE_FAMILY = "1,2";
				TEST_TARGET_NAME = "page-navigation-app";
			};
			name = Release;
		};
/* End XCBuildConfiguration section */

/* Begin XCConfigurationList section */
		989000DC2B4FCA0B0042FA5E /* Build configuration list for PBXProject "page-navigation-app" */ = {
			isa = XCConfigurationList;
			buildConfigurations = (
				989001032B4FCA0C0042FA5E /* Debug */,
				989001042B4FCA0C0042FA5E /* Release */,
			);
			defaultConfigurationIsVisible = 0;
			defaultConfigurationName = Release;
		};
		989001052B4FCA0C0042FA5E /* Build configuration list for PBXNativeTarget "page-navigation-app" */ = {
			isa = XCConfigurationList;
			buildConfigurations = (
				989001062B4FCA0C0042FA5E /* Debug */,
				989001072B4FCA0C0042FA5E /* Release */,
			);
			defaultConfigurationIsVisible = 0;
			defaultConfigurationName = Release;
		};
		989001082B4FCA0C0042FA5E /* Build configuration list for PBXNativeTarget "page-navigation-appTests" */ = {
			isa = XCConfigurationList;
			buildConfigurations = (
				989001092B4FCA0C0042FA5E /* Debug */,
				9890010A2B4FCA0C0042FA5E /* Release */,
			);
			defaultConfigurationIsVisible = 0;
			defaultConfigurationName = Release;
		};
		9890010B2B4FCA0C0042FA5E /* Build configuration list for PBXNativeTarget "page-navigation-appUITests" */ = {
			isa = XCConfigurationList;
			buildConfigurations = (
				9890010C2B4FCA0C0042FA5E /* Debug */,
				9890010D2B4FCA0C0042FA5E /* Release */,
			);
			defaultConfigurationIsVisible = 0;
			defaultConfigurationName = Release;
		};
/* End XCConfigurationList section */
	};
	rootObject = 989000D92B4FCA0B0042FA5E /* Project object */;
}
